
Microsoft Visual Studio Solution File, Format Version 12.00
# Visual Studio Version 17
VisualStudioVersion = 17.11.35312.102
MinimumVisualStudioVersion = 10.0.40219.1
Project("{FAE04EC0-301F-11D3-BF4B-00C04F79EFBC}") = "tema5", "tema5\tema5.csproj", "{EB1BEC57-8128-45EB-9CB5-637BF35DAB1C}"
EndProject
Global
	GlobalSection(SolutionConfigurationPlatforms) = preSolution
		Debug|Any CPU = Debug|Any CPU
		Release|Any CPU = Release|Any CPU
	EndGlobalSection
	GlobalSection(ProjectConfigurationPlatforms) = postSolution
		{EB1BEC57-8128-45EB-9CB5-637BF35DAB1C}.Debug|Any CPU.ActiveCfg = Debug|Any CPU
		{EB1BEC57-8128-45EB-9CB5-637BF35DAB1C}.Debug|Any CPU.Build.0 = Debug|Any CPU
		{EB1BEC57-8128-45EB-9CB5-637BF35DAB1C}.Release|Any CPU.ActiveCfg = Release|Any CPU
		{EB1BEC57-8128-45EB-9CB5-637BF35DAB1C}.Release|Any CPU.Build.0 = Release|Any CPU
	EndGlobalSection
	GlobalSection(SolutionProperties) = preSolution
		HideSolutionNode = FALSE
	EndGlobalSection
	GlobalSection(ExtensibilityGlobals) = postSolution
		SolutionGuid = {0C47B900-3EFF-45B5-AF54-5F24F7A54651}
	EndGlobalSection
EndGlobal
